{
  "nodes": {
    "flakeNimbleLib": {
      "inputs": {
        "nixpkgs": [
          "nixpkgs"
        ]
      },
      "locked": {
        "lastModified": 1662018438,
        "narHash": "sha256-QtNtU6+LX3Wokxf0zlFwKTFOcn6TeDjKQZ+DA9OYtvM=",
        "owner": "riinr",
        "repo": "nim-flakes-lib",
        "rev": "b1fe8340736e3a85d25c709ac3dfd82a55c03cbf",
        "type": "github"
      },
      "original": {
        "owner": "riinr",
        "ref": "master",
        "repo": "nim-flakes-lib",
        "type": "github"
      }
    },
    "nixpkgs": {
      "locked": {
        "lastModified": 1667199707,
        "narHash": "sha256-I2Js3Y7gUyVSEXPULHlBoRek4Lh85vnevdS6mdvDNLI=",
        "owner": "NixOS",
        "repo": "nixpkgs",
        "rev": "ced197be72099edcfa68ebed8b87af7b04851f45",
        "type": "github"
      },
      "original": {
        "id": "nixpkgs",
        "type": "indirect"
      }
    },
    "root": {
      "inputs": {
        "flakeNimbleLib": "flakeNimbleLib",
        "nixpkgs": "nixpkgs",
        "simplediff-master": "simplediff-master"
      }
    },
    "simplediff-master": {
      "inputs": {
        "flakeNimbleLib": [
          "flakeNimbleLib"
        ],
        "nixpkgs": [
          "nixpkgs"
        ],
        "src-simplediff-master": "src-simplediff-master"
      },
      "locked": {
        "dir": "master",
        "lastModified": 1667322672,
        "narHash": "sha256-XV5Xh2slt68I32a5X9QJNnVT364VUKoT5H3QiC++uqs=",
        "owner": "nim-nix-pkgs",
        "repo": "simplediff",
        "rev": "400c78f870ce6cae9951859f350409fc0b8b89f4",
        "type": "github"
      },
      "original": {
        "dir": "master",
        "owner": "nim-nix-pkgs",
        "ref": "master",
        "repo": "simplediff",
        "type": "github"
      }
    },
    "src-simplediff-master": {
      "flake": false,
      "locked": {
        "lastModified": 1569984488,
        "narHash": "sha256-Lz6F6nBu6KZ1UQfOKTg3d2imcr3AetxCFd8o5bWmPK0=",
        "owner": "~reesmichael1",
        "repo": "nim-simplediff",
        "rev": "e1ba26d407c7daeee0656d4ddb8ed381f685b7f2",
        "type": "sourcehut"
      },
      "original": {
        "owner": "~reesmichael1",
        "ref": "master",
        "repo": "nim-simplediff",
        "type": "sourcehut"
      }
    }
  },
  "root": "root",
  "version": 7
}
